
Microsoft Visual Studio Solution File, Format Version 12.00
# Visual Studio 2013
VisualStudioVersion = 12.0.30501.0
MinimumVisualStudioVersion = 10.0.40219.1
Project("{FAE04EC0-301F-11D3-BF4B-00C04F79EFBC}") = "rr-fix", "rr-fix\rr-fix.csproj", "{2320DEFD-74C2-4EBC-A820-74EF1C16E9AB}"
EndProject
Global
	GlobalSection(SolutionConfigurationPlatforms) = preSolution
		Debug|Any CPU = Debug|Any CPU
		Release|Any CPU = Release|Any CPU
	EndGlobalSection
	GlobalSection(ProjectConfigurationPlatforms) = postSolution
		{2320DEFD-74C2-4EBC-A820-74EF1C16E9AB}.Debug|Any CPU.ActiveCfg = Debug|Any CPU
		{2320DEFD-74C2-4EBC-A820-74EF1C16E9AB}.Debug|Any CPU.Build.0 = Debug|Any CPU
		{2320DEFD-74C2-4EBC-A820-74EF1C16E9AB}.Release|Any CPU.ActiveCfg = Release|Any CPU
		{2320DEFD-74C2-4EBC-A820-74EF1C16E9AB}.Release|Any CPU.Build.0 = Release|Any CPU
	EndGlobalSection
	GlobalSection(SolutionProperties) = preSolution
		HideSolutionNode = FALSE
	EndGlobalSection
EndGlobal
